
Microsoft Visual Studio Solution File, Format Version 12.00
# Visual Studio Version 17
VisualStudioVersion = 17.7.34018.315
MinimumVisualStudioVersion = 10.0.40219.1
Project("{FAE04EC0-301F-11D3-BF4B-00C04F79EFBC}") = "ejercicio 4-Laboratorio 1", "ejercicio 4-Laboratorio 1.csproj", "{173367DA-46DC-48AE-815E-76E8145617A6}"
EndProject
Global
	GlobalSection(SolutionConfigurationPlatforms) = preSolution
		Debug|Any CPU = Debug|Any CPU
		Release|Any CPU = Release|Any CPU
	EndGlobalSection
	GlobalSection(ProjectConfigurationPlatforms) = postSolution
		{173367DA-46DC-48AE-815E-76E8145617A6}.Debug|Any CPU.ActiveCfg = Debug|Any CPU
		{173367DA-46DC-48AE-815E-76E8145617A6}.Debug|Any CPU.Build.0 = Debug|Any CPU
		{173367DA-46DC-48AE-815E-76E8145617A6}.Release|Any CPU.ActiveCfg = Release|Any CPU
		{173367DA-46DC-48AE-815E-76E8145617A6}.Release|Any CPU.Build.0 = Release|Any CPU
	EndGlobalSection
	GlobalSection(SolutionProperties) = preSolution
		HideSolutionNode = FALSE
	EndGlobalSection
	GlobalSection(ExtensibilityGlobals) = postSolution
		SolutionGuid = {D37DB462-AB2A-4BD9-8C7E-EB2AAD88AB6B}
	EndGlobalSection
EndGlobal
